
Microsoft Visual Studio Solution File, Format Version 12.00
# Visual Studio 15
VisualStudioVersion = 15.0.28307.438
MinimumVisualStudioVersion = 10.0.40219.1
Project("{FAE04EC0-301F-11D3-BF4B-00C04F79EFBC}") = "FirewallCleanup", "FirewallCleanup\FirewallCleanup.csproj", "{241F29D1-D63A-4FFA-B2F2-27C342BF46D1}"
EndProject
Global
	GlobalSection(SolutionConfigurationPlatforms) = preSolution
		Debug|Any CPU = Debug|Any CPU
		Release|Any CPU = Release|Any CPU
	EndGlobalSection
	GlobalSection(ProjectConfigurationPlatforms) = postSolution
		{241F29D1-D63A-4FFA-B2F2-27C342BF46D1}.Debug|Any CPU.ActiveCfg = Debug|Any CPU
		{241F29D1-D63A-4FFA-B2F2-27C342BF46D1}.Debug|Any CPU.Build.0 = Debug|Any CPU
		{241F29D1-D63A-4FFA-B2F2-27C342BF46D1}.Release|Any CPU.ActiveCfg = Release|Any CPU
		{241F29D1-D63A-4FFA-B2F2-27C342BF46D1}.Release|Any CPU.Build.0 = Release|Any CPU
	EndGlobalSection
	GlobalSection(SolutionProperties) = preSolution
		HideSolutionNode = FALSE
	EndGlobalSection
	GlobalSection(ExtensibilityGlobals) = postSolution
		SolutionGuid = {C49F9C07-1A78-4415-9CAD-336271A98935}
	EndGlobalSection
EndGlobal
